# THIS IS AN AUTOGENERATED FILE. DO NOT EDIT THIS FILE DIRECTLY.
# yarn lockfile v1


"@types/node@12.6.2":
  version "12.6.2"
  resolved "https://registry.yarnpkg.com/@types/node/-/node-12.6.2.tgz#a5ccec6abb6060d5f20d256fb03ed743e9774999"
  integrity sha512-gojym4tX0FWeV2gsW4Xmzo5wxGjXGm550oVUII7f7G5o4BV6c7DBdiG1RRQd+y1bvqRyYtPfMK85UM95vsapqQ==
